
Microsoft Visual Studio Solution File, Format Version 12.00
# Visual Studio Version 17
VisualStudioVersion = 17.13.35919.96
MinimumVisualStudioVersion = 10.0.40219.1
Project("{FAE04EC0-301F-11D3-BF4B-00C04F79EFBC}") = "SaludTotalWEb", "SaludTotalWEb.csproj", "{6E2A9342-F283-4226-99C5-CFAEB3B5B383}"
EndProject
Global
	GlobalSection(SolutionConfigurationPlatforms) = preSolution
		Debug|Any CPU = Debug|Any CPU
		Release|Any CPU = Release|Any CPU
	EndGlobalSection
	GlobalSection(ProjectConfigurationPlatforms) = postSolution
		{6E2A9342-F283-4226-99C5-CFAEB3B5B383}.Debug|Any CPU.ActiveCfg = Debug|Any CPU
		{6E2A9342-F283-4226-99C5-CFAEB3B5B383}.Debug|Any CPU.Build.0 = Debug|Any CPU
		{6E2A9342-F283-4226-99C5-CFAEB3B5B383}.Release|Any CPU.ActiveCfg = Release|Any CPU
		{6E2A9342-F283-4226-99C5-CFAEB3B5B383}.Release|Any CPU.Build.0 = Release|Any CPU
	EndGlobalSection
	GlobalSection(SolutionProperties) = preSolution
		HideSolutionNode = FALSE
	EndGlobalSection
	GlobalSection(ExtensibilityGlobals) = postSolution
		SolutionGuid = {DBE34952-DE4F-433E-A3FD-57ADCA80F19A}
	EndGlobalSection
EndGlobal
